// !$*UTF8*$!
{
	archiveVersion = 1;
	classes = {
	};
	objectVersion = 46;
	objects = {

/* Begin PBXBuildFile section */
		8F5EA0BB1EC1993200F02401 /* main.m in Sources */ = {isa = PBXBuildFile; fileRef = 8F5EA0BA1EC1993200F02401 /* main.m */; };
		8F5EA0BE1EC1993200F02401 /* AppDelegate.m in Sources */ = {isa = PBXBuildFile; fileRef = 8F5EA0BD1EC1993200F02401 /* AppDelegate.m */; };
		8F5EA0C11EC1993200F02401 /* ViewController.m in Sources */ = {isa = PBXBuildFile; fileRef = 8F5EA0C01EC1993200F02401 /* ViewController.m */; };
		8F5EA0C41EC1993200F02401 /* Main.storyboard in Resources */ = {isa = PBXBuildFile; fileRef = 8F5EA0C21EC1993200F02401 /* Main.storyboard */; };
		8F5EA0C61EC1993300F02401 /* Assets.xcassets in Resources */ = {isa = PBXBuildFile; fileRef = 8F5EA0C51EC1993300F02401 /* Assets.xcassets */; };
		8F5EA0C91EC1993300F02401 /* LaunchScreen.storyboard in Resources */ = {isa = PBXBuildFile; fileRef = 8F5EA0C71EC1993300F02401 /* LaunchScreen.storyboard */; };
		8F5EA0D41EC1993300F02401 /* InspectionPhoneNumberTests.m in Sources */ = {isa = PBXBuildFile; fileRef = 8F5EA0D31EC1993300F02401 /* InspectionPhoneNumberTests.m */; };
		8F5EA0DF1EC1993300F02401 /* InspectionPhoneNumberUITests.m in Sources */ = {isa = PBXBuildFile; fileRef = 8F5EA0DE1EC1993300F02401 /* InspectionPhoneNumberUITests.m */; };
/* End PBXBuildFile section */

/* Begin PBXContainerItemProxy section */
		8F5EA0D01EC1993300F02401 /* PBXContainerItemProxy */ = {
			isa = PBXContainerItemProxy;
			containerPortal = 8F5EA0AE1EC1993200F02401 /* Project object */;
			proxyType = 1;
			remoteGlobalIDString = 8F5EA0B51EC1993200F02401;
			remoteInfo = InspectionPhoneNumber;
		};
		8F5EA0DB1EC1993300F02401 /* PBXContainerItemProxy */ = {
			isa = PBXContainerItemProxy;
			containerPortal = 8F5EA0AE1EC1993200F02401 /* Project object */;
			proxyType = 1;
			remoteGlobalIDString = 8F5EA0B51EC1993200F02401;
			remoteInfo = InspectionPhoneNumber;
		};
/* End PBXContainerItemProxy section */

/* Begin PBXFileReference section */
		8F5EA0B61EC1993200F02401 /* InspectionPhoneNumber.app */ = {isa = PBXFileReference; explicitFileType = wrapper.application; includeInIndex = 0; path = InspectionPhoneNumber.app; sourceTree = BUILT_PRODUCTS_DIR; };
		8F5EA0BA1EC1993200F02401 /* main.m */ = {isa = PBXFileReference; lastKnownFileType = sourcecode.c.objc; path = main.m; sourceTree = "<group>"; };
		8F5EA0BC1EC1993200F02401 /* AppDelegate.h */ = {isa = PBXFileReference; lastKnownFileType = sourcecode.c.h; path = AppDelegate.h; sourceTree = "<group>"; };
		8F5EA0BD1EC1993200F02401 /* AppDelegate.m */ = {isa = PBXFileReference; lastKnownFileType = sourcecode.c.objc; path = AppDelegate.m; sourceTree = "<group>"; };
		8F5EA0BF1EC1993200F02401 /* ViewController.h */ = {isa = PBXFileReference; lastKnownFileType = sourcecode.c.h; path = ViewController.h; sourceTree = "<group>"; };
		8F5EA0C01EC1993200F02401 /* ViewController.m */ = {isa = PBXFileReference; lastKnownFileType = sourcecode.c.objc; path = ViewController.m; sourceTree = "<group>"; };
		8F5EA0C31EC1993200F02401 /* Base */ = {isa = PBXFileReference; lastKnownFileType = file.storyboard; name = Base; path = Base.lproj/Main.storyboard; sourceTree = "<group>"; };
		8F5EA0C51EC1993300F02401 /* Assets.xcassets */ = {isa = PBXFileReference; lastKnownFileType = folder.assetcatalog; path = Assets.xcassets; sourceTree = "<group>"; };
		8F5EA0C81EC1993300F02401 /* Base */ = {isa = PBXFileReference; lastKnownFileType = file.storyboard; name = Base; path = Base.lproj/LaunchScreen.storyboard; sourceTree = "<group>"; };
		8F5EA0CA1EC1993300F02401 /* Info.plist */ = {isa = PBXFileReference; lastKnownFileType = text.plist.xml; path = Info.plist; sourceTree = "<group>"; };
		8F5EA0CF1EC1993300F02401 /* InspectionPhoneNumberTests.xctest */ = {isa = PBXFileReference; explicitFileType = wrapper.cfbundle; includeInIndex = 0; path = InspectionPhoneNumberTests.xctest; sourceTree = BUILT_PRODUCTS_DIR; };
		8F5EA0D31EC1993300F02401 /* InspectionPhoneNumberTests.m */ = {isa = PBXFileReference; lastKnownFileType = sourcecode.c.objc; path = InspectionPhoneNumberTests.m; sourceTree = "<group>"; };
		8F5EA0D51EC1993300F02401 /* Info.plist */ = {isa = PBXFileReference; lastKnownFileType = text.plist.xml; path = Info.plist; sourceTree = "<group>"; };
		8F5EA0DA1EC1993300F02401 /* InspectionPhoneNumberUITests.xctest */ = {isa = PBXFileReference; explicitFileType = wrapper.cfbundle; includeInIndex = 0; path = InspectionPhoneNumberUITests.xctest; sourceTree = BUILT_PRODUCTS_DIR; };
		8F5EA0DE1EC1993300F02401 /* InspectionPhoneNumberUITests.m */ = {isa = PBXFileReference; lastKnownFileType = sourcecode.c.objc; path = InspectionPhoneNumberUITests.m; sourceTree = "<group>"; };
		8F5EA0E01EC1993300F02401 /* Info.plist */ = {isa = PBXFileReference; lastKnownFileType = text.plist.xml; path = Info.plist; sourceTree = "<group>"; };
/* End PBXFileReference section */

/* Begin PBXFrameworksBuildPhase section */
		8F5EA0B31EC1993200F02401 /* Frameworks */ = {
			isa = PBXFrameworksBuildPhase;
			buildActionMask = 2147483647;
			files = (
			);
			runOnlyForDeploymentPostprocessing = 0;
		};
		8F5EA0CC1EC1993300F02401 /* Frameworks */ = {
			isa = PBXFrameworksBuildPhase;
			buildActionMask = 2147483647;
			files = (
			);
			runOnlyForDeploymentPostprocessing = 0;
		};
		8F5EA0D71EC1993300F02401 /* Frameworks */ = {
			isa = PBXFrameworksBuildPhase;
			buildActionMask = 2147483647;
			files = (
			);
			runOnlyForDeploymentPostprocessing = 0;
		};
/* End PBXFrameworksBuildPhase section */

/* Begin PBXGroup section */
		8F5EA0AD1EC1993200F02401 = {
			isa = PBXGroup;
			children = (
				8F5EA0B81EC1993200F02401 /* InspectionPhoneNumber */,
				8F5EA0D21EC1993300F02401 /* InspectionPhoneNumberTests */,
				8F5EA0DD1EC1993300F02401 /* InspectionPhoneNumberUITests */,
				8F5EA0B71EC1993200F02401 /* Products */,
			);
			sourceTree = "<group>";
		};
		8F5EA0B71EC1993200F02401 /* Products */ = {
			isa = PBXGroup;
			children = (
				8F5EA0B61EC1993200F02401 /* InspectionPhoneNumber.app */,
				8F5EA0CF1EC1993300F02401 /* InspectionPhoneNumberTests.xctest */,
				8F5EA0DA1EC1993300F02401 /* InspectionPhoneNumberUITests.xctest */,
			);
			name = Products;
			sourceTree = "<group>";
		};
		8F5EA0B81EC1993200F02401 /* InspectionPhoneNumber */ = {
			isa = PBXGroup;
			children = (
				8F5EA0BC1EC1993200F02401 /* AppDelegate.h */,
				8F5EA0BD1EC1993200F02401 /* AppDelegate.m */,
				8F5EA0BF1EC1993200F02401 /* ViewController.h */,
				8F5EA0C01EC1993200F02401 /* ViewController.m */,
				8F5EA0C21EC1993200F02401 /* Main.storyboard */,
				8F5EA0C51EC1993300F02401 /* Assets.xcassets */,
				8F5EA0C71EC1993300F02401 /* LaunchScreen.storyboard */,
				8F5EA0CA1EC1993300F02401 /* Info.plist */,
				8F5EA0B91EC1993200F02401 /* Supporting Files */,
			);
			path = InspectionPhoneNumber;
			sourceTree = "<group>";
		};
		8F5EA0B91EC1993200F02401 /* Supporting Files */ = {
			isa = PBXGroup;
			children = (
				8F5EA0BA1EC1993200F02401 /* main.m */,
			);
			name = "Supporting Files";
			sourceTree = "<group>";
		};
		8F5EA0D21EC1993300F02401 /* InspectionPhoneNumberTests */ = {
			isa = PBXGroup;
			children = (
				8F5EA0D31EC1993300F02401 /* InspectionPhoneNumberTests.m */,
				8F5EA0D51EC1993300F02401 /* Info.plist */,
			);
			path = InspectionPhoneNumberTests;
			sourceTree = "<group>";
		};
		8F5EA0DD1EC1993300F02401 /* InspectionPhoneNumberUITests */ = {
			isa = PBXGroup;
			children = (
				8F5EA0DE1EC1993300F02401 /* InspectionPhoneNumberUITests.m */,
				8F5EA0E01EC1993300F02401 /* Info.plist */,
			);
			path = InspectionPhoneNumberUITests;
			sourceTree = "<group>";
		};
/* End PBXGroup section */

/* Begin PBXNativeTarget section */
		8F5EA0B51EC1993200F02401 /* InspectionPhoneNumber */ = {
			isa = PBXNativeTarget;
			buildConfigurationList = 8F5EA0E31EC1993300F02401 /* Build configuration list for PBXNativeTarget "InspectionPhoneNumber" */;
			buildPhases = (
				8F5EA0B21EC1993200F02401 /* Sources */,
				8F5EA0B31EC1993200F02401 /* Frameworks */,
				8F5EA0B41EC1993200F02401 /* Resources */,
			);
			buildRules = (
			);
			dependencies = (
			);
			name = InspectionPhoneNumber;
			productName = InspectionPhoneNumber;
			productReference = 8F5EA0B61EC1993200F02401 /* InspectionPhoneNumber.app */;
			productType = "com.apple.product-type.application";
		};
		8F5EA0CE1EC1993300F02401 /* InspectionPhoneNumberTests */ = {
			isa = PBXNativeTarget;
			buildConfigurationList = 8F5EA0E61EC1993300F02401 /* Build configuration list for PBXNativeTarget "InspectionPhoneNumberTests" */;
			buildPhases = (
				8F5EA0CB1EC1993300F02401 /* Sources */,
				8F5EA0CC1EC1993300F02401 /* Frameworks */,
				8F5EA0CD1EC1993300F02401 /* Resources */,
			);
			buildRules = (
			);
			dependencies = (
				8F5EA0D11EC1993300F02401 /* PBXTargetDependency */,
			);
			name = InspectionPhoneNumberTests;
			productName = InspectionPhoneNumberTests;
			productReference = 8F5EA0CF1EC1993300F02401 /* InspectionPhoneNumberTests.xctest */;
			productType = "com.apple.product-type.bundle.unit-test";
		};
		8F5EA0D91EC1993300F02401 /* InspectionPhoneNumberUITests */ = {
			isa = PBXNativeTarget;
			buildConfigurationList = 8F5EA0E91EC1993300F02401 /* Build configuration list for PBXNativeTarget "InspectionPhoneNumberUITests" */;
			buildPhases = (
				8F5EA0D61EC1993300F02401 /* Sources */,
				8F5EA0D71EC1993300F02401 /* Frameworks */,
				8F5EA0D81EC1993300F02401 /* Resources */,
			);
			buildRules = (
			);
			dependencies = (
				8F5EA0DC1EC1993300F02401 /* PBXTargetDependency */,
			);
			name = InspectionPhoneNumberUITests;
			productName = InspectionPhoneNumberUITests;
			productReference = 8F5EA0DA1EC1993300F02401 /* InspectionPhoneNumberUITests.xctest */;
			productType = "com.apple.product-type.bundle.ui-testing";
		};
/* End PBXNativeTarget section */

/* Begin PBXProject section */
		8F5EA0AE1EC1993200F02401 /* Project object */ = {
			isa = PBXProject;
			attributes = {
				LastUpgradeCheck = 0830;
				ORGANIZATIONNAME = xiangronghua;
				TargetAttributes = {
					8F5EA0B51EC1993200F02401 = {
						CreatedOnToolsVersion = 8.3.1;
						DevelopmentTeam = 4U8M5497ZW;
						ProvisioningStyle = Automatic;
					};
					8F5EA0CE1EC1993300F02401 = {
						CreatedOnToolsVersion = 8.3.1;
						DevelopmentTeam = 4U8M5497ZW;
						ProvisioningStyle = Automatic;
						TestTargetID = 8F5EA0B51EC1993200F02401;
					};
					8F5EA0D91EC1993300F02401 = {
						CreatedOnToolsVersion = 8.3.1;
						DevelopmentTeam = 4U8M5497ZW;
						ProvisioningStyle = Automatic;
						TestTargetID = 8F5EA0B51EC1993200F02401;
					};
				};
			};
			buildConfigurationList = 8F5EA0B11EC1993200F02401 /* Build configuration list for PBXProject "InspectionPhoneNumber" */;
			compatibilityVersion = "Xcode 3.2";
			developmentRegion = English;
			hasScannedForEncodings = 0;
			knownRegions = (
				en,
				Base,
			);
			mainGroup = 8F5EA0AD1EC1993200F02401;
			productRefGroup = 8F5EA0B71EC1993200F02401 /* Products */;
			projectDirPath = "";
			projectRoot = "";
			targets = (
				8F5EA0B51EC1993200F02401 /* InspectionPhoneNumber */,
				8F5EA0CE1EC1993300F02401 /* InspectionPhoneNumberTests */,
				8F5EA0D91EC1993300F02401 /* InspectionPhoneNumberUITests */,
			);
		};
/* End PBXProject section */

/* Begin PBXResourcesBuildPhase section */
		8F5EA0B41EC1993200F02401 /* Resources */ = {
			isa = PBXResourcesBuildPhase;
			buildActionMask = 2147483647;
			files = (
				8F5EA0C91EC1993300F02401 /* LaunchScreen.storyboard in Resources */,
				8F5EA0C61EC1993300F02401 /* Assets.xcassets in Resources */,
				8F5EA0C41EC1993200F02401 /* Main.storyboard in Resources */,
			);
			runOnlyForDeploymentPostprocessing = 0;
		};
		8F5EA0CD1EC1993300F02401 /* Resources */ = {
			isa = PBXResourcesBuildPhase;
			buildActionMask = 2147483647;
			files = (
			);
			runOnlyForDeploymentPostprocessing = 0;
		};
		8F5EA0D81EC1993300F02401 /* Resources */ = {
			isa = PBXResourcesBuildPhase;
			buildActionMask = 2147483647;
			files = (
			);
			runOnlyForDeploymentPostprocessing = 0;
		};
/* End PBXResourcesBuildPhase section */

/* Begin PBXSourcesBuildPhase section */
		8F5EA0B21EC1993200F02401 /* Sources */ = {
			isa = PBXSourcesBuildPhase;
			buildActionMask = 2147483647;
			files = (
				8F5EA0C11EC1993200F02401 /* ViewController.m in Sources */,
				8F5EA0BE1EC1993200F02401 /* AppDelegate.m in Sources */,
				8F5EA0BB1EC1993200F02401 /* main.m in Sources */,
			);
			runOnlyForDeploymentPostprocessing = 0;
		};
		8F5EA0CB1EC1993300F02401 /* Sources */ = {
			isa = PBXSourcesBuildPhase;
			buildActionMask = 2147483647;
			files = (
				8F5EA0D41EC1993300F02401 /* InspectionPhoneNumberTests.m in Sources */,
			);
			runOnlyForDeploymentPostprocessing = 0;
		};
		8F5EA0D61EC1993300F02401 /* Sources */ = {
			isa = PBXSourcesBuildPhase;
			buildActionMask = 2147483647;
			files = (
				8F5EA0DF1EC1993300F02401 /* InspectionPhoneNumberUITests.m in Sources */,
			);
			runOnlyForDeploymentPostprocessing = 0;
		};
/* End PBXSourcesBuildPhase section */

/* Begin PBXTargetDependency section */
		8F5EA0D11EC1993300F02401 /* PBXTargetDependency */ = {
			isa = PBXTargetDependency;
			target = 8F5EA0B51EC1993200F02401 /* InspectionPhoneNumber */;
			targetProxy = 8F5EA0D01EC1993300F02401 /* PBXContainerItemProxy */;
		};
		8F5EA0DC1EC1993300F02401 /* PBXTargetDependency */ = {
			isa = PBXTargetDependency;
			target = 8F5EA0B51EC1993200F02401 /* InspectionPhoneNumber */;
			targetProxy = 8F5EA0DB1EC1993300F02401 /* PBXContainerItemProxy */;
		};
/* End PBXTargetDependency section */

/* Begin PBXVariantGroup section */
		8F5EA0C21EC1993200F02401 /* Main.storyboard */ = {
			isa = PBXVariantGroup;
			children = (
				8F5EA0C31EC1993200F02401 /* Base */,
			);
			name = Main.storyboard;
			sourceTree = "<group>";
		};
		8F5EA0C71EC1993300F02401 /* LaunchScreen.storyboard */ = {
			isa = PBXVariantGroup;
			children = (
				8F5EA0C81EC1993300F02401 /* Base */,
			);
			name = LaunchScreen.storyboard;
			sourceTree = "<group>";
		};
/* End PBXVariantGroup section */

/* Begin XCBuildConfiguration section */
		8F5EA0E11EC1993300F02401 /* Debug */ = {
			isa = XCBuildConfiguration;
			buildSettings = {
				ALWAYS_SEARCH_USER_PATHS = NO;
				CLANG_ANALYZER_NONNULL = YES;
				CLANG_ANALYZER_NUMBER_OBJECT_CONVERSION = YES_AGGRESSIVE;
				CLANG_CXX_LANGUAGE_STANDARD = "gnu++0x";
				CLANG_CXX_LIBRARY = "libc++";
				CLANG_ENABLE_MODULES = YES;
				CLANG_ENABLE_OBJC_ARC = YES;
				CLANG_WARN_BOOL_CONVERSION = YES;
				CLANG_WARN_CONSTANT_CONVERSION = YES;
				CLANG_WARN_DIRECT_OBJC_ISA_USAGE = YES_ERROR;
				CLANG_WARN_DOCUMENTATION_COMMENTS = YES;
				CLANG_WARN_EMPTY_BODY = YES;
				CLANG_WARN_ENUM_CONVERSION = YES;
				CLANG_WARN_INFINITE_RECURSION = YES;
				CLANG_WARN_INT_CONVERSION = YES;
				CLANG_WARN_OBJC_ROOT_CLASS = YES_ERROR;
				CLANG_WARN_SUSPICIOUS_MOVE = YES;
				CLANG_WARN_UNREACHABLE_CODE = YES;
				CLANG_WARN__DUPLICATE_METHOD_MATCH = YES;
				"CODE_SIGN_IDENTITY[sdk=iphoneos*]" = "iPhone Developer";
				COPY_PHASE_STRIP = NO;
				DEBUG_INFORMATION_FORMAT = dwarf;
				ENABLE_STRICT_OBJC_MSGSEND = YES;
				ENABLE_TESTABILITY = YES;
				GCC_C_LANGUAGE_STANDARD = gnu99;
				GCC_DYNAMIC_NO_PIC = NO;
				GCC_NO_COMMON_BLOCKS = YES;
				GCC_OPTIMIZATION_LEVEL = 0;
				GCC_PREPROCESSOR_DEFINITIONS = (
					"DEBUG=1",
					"$(inherited)",
				);
				GCC_WARN_64_TO_32_BIT_CONVERSION = YES;
				GCC_WARN_ABOUT_RETURN_TYPE = YES_ERROR;
				GCC_WARN_UNDECLARED_SELECTOR = YES;
				GCC_WARN_UNINITIALIZED_AUTOS = YES_AGGRESSIVE;
				GCC_WARN_UNUSED_FUNCTION = YES;
				GCC_WARN_UNUSED_VARIABLE = YES;
				IPHONEOS_DEPLOYMENT_TARGET = 10.3;
				MTL_ENABLE_DEBUG_INFO = YES;
				ONLY_ACTIVE_ARCH = YES;
				SDKROOT = iphoneos;
				TARGETED_DEVICE_FAMILY = "1,2";
			};
			name = Debug;
		};
		8F5EA0E21EC1993300F02401 /* Release */ = {
			isa = XCBuildConfiguration;
			buildSettings = {
				ALWAYS_SEARCH_USER_PATHS = NO;
				CLANG_ANALYZER_NONNULL = YES;
				CLANG_ANALYZER_NUMBER_OBJECT_CONVERSION = YES_AGGRESSIVE;
				CLANG_CXX_LANGUAGE_STANDARD = "gnu++0x";
				CLANG_CXX_LIBRARY = "libc++";
				CLANG_ENABLE_MODULES = YES;
				CLANG_ENABLE_OBJC_ARC = YES;
				CLANG_WARN_BOOL_CONVERSION = YES;
				CLANG_WARN_CONSTANT_CONVERSION = YES;
				CLANG_WARN_DIRECT_OBJC_ISA_USAGE = YES_ERROR;
				CLANG_WARN_DOCUMENTATION_COMMENTS = YES;
				CLANG_WARN_EMPTY_BODY = YES;
				CLANG_WARN_ENUM_CONVERSION = YES;
				CLANG_WARN_INFINITE_RECURSION = YES;
				CLANG_WARN_INT_CONVERSION = YES;
				CLANG_WARN_OBJC_ROOT_CLASS = YES_ERROR;
				CLANG_WARN_SUSPICIOUS_MOVE = YES;
				CLANG_WARN_UNREACHABLE_CODE = YES;
				CLANG_WARN__DUPLICATE_METHOD_MATCH = YES;
				"CODE_SIGN_IDENTITY[sdk=iphoneos*]" = "iPhone Developer";
				COPY_PHASE_STRIP = NO;
				DEBUG_INFORMATION_FORMAT = "dwarf-with-dsym";
				ENABLE_NS_ASSERTIONS = NO;
				ENABLE_STRICT_OBJC_MSGSEND = YES;
				GCC_C_LANGUAGE_STANDARD = gnu99;
				GCC_NO_COMMON_BLOCKS = YES;
				GCC_WARN_64_TO_32_BIT_CONVERSION = YES;
				GCC_WARN_ABOUT_RETURN_TYPE = YES_ERROR;
				GCC_WARN_UNDECLARED_SELECTOR = YES;
				GCC_WARN_UNINITIALIZED_AUTOS = YES_AGGRESSIVE;
				GCC_WARN_UNUSED_FUNCTION = YES;
				GCC_WARN_UNUSED_VARIABLE = YES;
				IPHONEOS_DEPLOYMENT_TARGET = 10.3;
				MTL_ENABLE_DEBUG_INFO = NO;
				SDKROOT = iphoneos;
				TARGETED_DEVICE_FAMILY = "1,2";
				VALIDATE_PRODUCT = YES;
			};
			name = Release;
		};
		8F5EA0E41EC1993300F02401 /* Debug */ = {
			isa = XCBuildConfiguration;
			buildSettings = {
				ASSETCATALOG_COMPILER_APPICON_NAME = AppIcon;
				DEVELOPMENT_TEAM = 4U8M5497ZW;
				INFOPLIST_FILE = InspectionPhoneNumber/Info.plist;
				LD_RUNPATH_SEARCH_PATHS = "$(inherited) @executable_path/Frameworks";
				PRODUCT_BUNDLE_IDENTIFIER = XRH.InspectionPhoneNumber;
				PRODUCT_NAME = "$(TARGET_NAME)";
			};
			name = Debug;
		};
		8F5EA0E51EC1993300F02401 /* Release */ = {
			isa = XCBuildConfiguration;
			buildSettings = {
				ASSETCATALOG_COMPILER_APPICON_NAME = AppIcon;
				DEVELOPMENT_TEAM = 4U8M5497ZW;
				INFOPLIST_FILE = InspectionPhoneNumber/Info.plist;
				LD_RUNPATH_SEARCH_PATHS = "$(inherited) @executable_path/Frameworks";
				PRODUCT_BUNDLE_IDENTIFIER = XRH.InspectionPhoneNumber;
				PRODUCT_NAME = "$(TARGET_NAME)";
			};
			name = Release;
		};
		8F5EA0E71EC1993300F02401 /* Debug */ = {
			isa = XCBuildConfiguration;
			buildSettings = {
				BUNDLE_LOADER = "$(TEST_HOST)";
				DEVELOPMENT_TEAM = 4U8M5497ZW;
				INFOPLIST_FILE = InspectionPhoneNumberTests/Info.plist;
				LD_RUNPATH_SEARCH_PATHS = "$(inherited) @executable_path/Frameworks @loader_path/Frameworks";
				PRODUCT_BUNDLE_IDENTIFIER = XRH.InspectionPhoneNumberTests;
				PRODUCT_NAME = "$(TARGET_NAME)";
				TEST_HOST = "$(BUILT_PRODUCTS_DIR)/InspectionPhoneNumber.app/InspectionPhoneNumber";
			};
			name = Debug;
		};
		8F5EA0E81EC1993300F02401 /* Release */ = {
			isa = XCBuildConfiguration;
			buildSettings = {
				BUNDLE_LOADER = "$(TEST_HOST)";
				DEVELOPMENT_TEAM = 4U8M5497ZW;
				INFOPLIST_FILE = InspectionPhoneNumberTests/Info.plist;
				LD_RUNPATH_SEARCH_PATHS = "$(inherited) @executable_path/Frameworks @loader_path/Frameworks";
				PRODUCT_BUNDLE_IDENTIFIER = XRH.InspectionPhoneNumberTests;
				PRODUCT_NAME = "$(TARGET_NAME)";
				TEST_HOST = "$(BUILT_PRODUCTS_DIR)/InspectionPhoneNumber.app/InspectionPhoneNumber";
			};
			name = Release;
		};
		8F5EA0EA1EC1993300F02401 /* Debug */ = {
			isa = XCBuildConfiguration;
			buildSettings = {
				DEVELOPMENT_TEAM = 4U8M5497ZW;
				INFOPLIST_FILE = InspectionPhoneNumberUITests/Info.plist;
				LD_RUNPATH_SEARCH_PATHS = "$(inherited) @executable_path/Frameworks @loader_path/Frameworks";
				PRODUCT_BUNDLE_IDENTIFIER = XRH.InspectionPhoneNumberUITests;
				PRODUCT_NAME = "$(TARGET_NAME)";
				TEST_TARGET_NAME = InspectionPhoneNumber;
			};
			name = Debug;
		};
		8F5EA0EB1EC1993300F02401 /* Release */ = {
			isa = XCBuildConfiguration;
			buildSettings = {
				DEVELOPMENT_TEAM = 4U8M5497ZW;
				INFOPLIST_FILE = InspectionPhoneNumberUITests/Info.plist;
				LD_RUNPATH_SEARCH_PATHS = "$(inherited) @executable_path/Frameworks @loader_path/Frameworks";
				PRODUCT_BUNDLE_IDENTIFIER = XRH.InspectionPhoneNumberUITests;
				PRODUCT_NAME = "$(TARGET_NAME)";
				TEST_TARGET_NAME = InspectionPhoneNumber;
			};
			name = Release;
		};
/* End XCBuildConfiguration section */

/* Begin XCConfigurationList section */
		8F5EA0B11EC1993200F02401 /* Build configuration list for PBXProject "InspectionPhoneNumber" */ = {
			isa = XCConfigurationList;
			buildConfigurations = (
				8F5EA0E11EC1993300F02401 /* Debug */,
				8F5EA0E21EC1993300F02401 /* Release */,
			);
			defaultConfigurationIsVisible = 0;
			defaultConfigurationName = Release;
		};
		8F5EA0E31EC1993300F02401 /* Build configuration list for PBXNativeTarget "InspectionPhoneNumber" */ = {
			isa = XCConfigurationList;
			buildConfigurations = (
				8F5EA0E41EC1993300F02401 /* Debug */,
				8F5EA0E51EC1993300F02401 /* Release */,
			);
			defaultConfigurationIsVisible = 0;
		};
		8F5EA0E61EC1993300F02401 /* Build configuration list for PBXNativeTarget "InspectionPhoneNumberTests" */ = {
			isa = XCConfigurationList;
			buildConfigurations = (
				8F5EA0E71EC1993300F02401 /* Debug */,
				8F5EA0E81EC1993300F02401 /* Release */,
			);
			defaultConfigurationIsVisible = 0;
		};
		8F5EA0E91EC1993300F02401 /* Build configuration list for PBXNativeTarget "InspectionPhoneNumberUITests" */ = {
			isa = XCConfigurationList;
			buildConfigurations = (
				8F5EA0EA1EC1993300F02401 /* Debug */,
				8F5EA0EB1EC1993300F02401 /* Release */,
			);
			defaultConfigurationIsVisible = 0;
		};
/* End XCConfigurationList section */
	};
	rootObject = 8F5EA0AE1EC1993200F02401 /* Project object */;
}
